
Microsoft Visual Studio Solution File, Format Version 12.00
# Visual Studio 15
VisualStudioVersion = 15.0.28307.271
MinimumVisualStudioVersion = 10.0.40219.1
Project("{9A19103F-16F7-4668-BE54-9A1E7A4F7556}") = "ComputerShop", "ComputerShop\ComputerShop.csproj", "{981FE23F-5223-4048-B3FA-52851F8551BF}"
EndProject
Project("{FAE04EC0-301F-11D3-BF4B-00C04F79EFBC}") = "ClientService", "ClientService\ClientService.csproj", "{3CEA1D9E-4DF8-47A7-8B6B-F616B66F697E}"
EndProject
Project("{FAE04EC0-301F-11D3-BF4B-00C04F79EFBC}") = "PaymentService", "PaymentService\PaymentService.csproj", "{F36D7EE6-A72F-4E2C-BE7D-1D909A24CEB2}"
EndProject
Global
	GlobalSection(SolutionConfigurationPlatforms) = preSolution
		Debug|Any CPU = Debug|Any CPU
		Release|Any CPU = Release|Any CPU
	EndGlobalSection
	GlobalSection(ProjectConfigurationPlatforms) = postSolution
		{981FE23F-5223-4048-B3FA-52851F8551BF}.Debug|Any CPU.ActiveCfg = Debug|Any CPU
		{981FE23F-5223-4048-B3FA-52851F8551BF}.Debug|Any CPU.Build.0 = Debug|Any CPU
		{981FE23F-5223-4048-B3FA-52851F8551BF}.Release|Any CPU.ActiveCfg = Release|Any CPU
		{981FE23F-5223-4048-B3FA-52851F8551BF}.Release|Any CPU.Build.0 = Release|Any CPU
		{3CEA1D9E-4DF8-47A7-8B6B-F616B66F697E}.Debug|Any CPU.ActiveCfg = Debug|Any CPU
		{3CEA1D9E-4DF8-47A7-8B6B-F616B66F697E}.Debug|Any CPU.Build.0 = Debug|Any CPU
		{3CEA1D9E-4DF8-47A7-8B6B-F616B66F697E}.Release|Any CPU.ActiveCfg = Release|Any CPU
		{3CEA1D9E-4DF8-47A7-8B6B-F616B66F697E}.Release|Any CPU.Build.0 = Release|Any CPU
		{F36D7EE6-A72F-4E2C-BE7D-1D909A24CEB2}.Debug|Any CPU.ActiveCfg = Debug|Any CPU
		{F36D7EE6-A72F-4E2C-BE7D-1D909A24CEB2}.Debug|Any CPU.Build.0 = Debug|Any CPU
		{F36D7EE6-A72F-4E2C-BE7D-1D909A24CEB2}.Release|Any CPU.ActiveCfg = Release|Any CPU
		{F36D7EE6-A72F-4E2C-BE7D-1D909A24CEB2}.Release|Any CPU.Build.0 = Release|Any CPU
	EndGlobalSection
	GlobalSection(SolutionProperties) = preSolution
		HideSolutionNode = FALSE
	EndGlobalSection
	GlobalSection(ExtensibilityGlobals) = postSolution
		SolutionGuid = {4404FDE9-B0D6-4576-8D7C-7BCF066BDF27}
	EndGlobalSection
EndGlobal
