
Microsoft Visual Studio Solution File, Format Version 12.00
# Visual Studio Version 16
VisualStudioVersion = 16.0.29009.5
MinimumVisualStudioVersion = 10.0.40219.1
Project("{9A19103F-16F7-4668-BE54-9A1E7A4F7556}") = "PaymentService", "PaymentService\PaymentService.csproj", "{F36D7EE6-A72F-4E2C-BE7D-1D909A24CEB2}"
EndProject
Project("{9A19103F-16F7-4668-BE54-9A1E7A4F7556}") = "Accounting", "Accounting\Accounting.csproj", "{807A551C-A720-4F4A-A702-8CF998898871}"
EndProject
Project("{9A19103F-16F7-4668-BE54-9A1E7A4F7556}") = "ShoppingService", "ShoppingService\ShoppingService.csproj", "{F448B56E-EAA4-41F3-AB2F-E81E9A658E4C}"
EndProject
Project("{9A19103F-16F7-4668-BE54-9A1E7A4F7556}") = "PcBuilder", "PCBuilder\PcBuilder.csproj", "{26D68948-9B50-4079-B096-7BF8523D6939}"
EndProject
Project("{9A19103F-16F7-4668-BE54-9A1E7A4F7556}") = "ProductLiker", "ProductLiker\ProductLiker.csproj", "{7BA1D7A6-02AC-4458-B3A9-16CA9BCC4758}"
EndProject
Project("{9A19103F-16F7-4668-BE54-9A1E7A4F7556}") = "UnitTestProjectForComputerShop", "UnitTestProjectForComputerShop\UnitTestProjectForComputerShop.csproj", "{54BF50EC-43B0-4487-AB35-BB6CE468D9A2}"
EndProject
Global
	GlobalSection(SolutionConfigurationPlatforms) = preSolution
		Debug|Any CPU = Debug|Any CPU
		Release|Any CPU = Release|Any CPU
	EndGlobalSection
	GlobalSection(ProjectConfigurationPlatforms) = postSolution
		{F36D7EE6-A72F-4E2C-BE7D-1D909A24CEB2}.Debug|Any CPU.ActiveCfg = Debug|Any CPU
		{F36D7EE6-A72F-4E2C-BE7D-1D909A24CEB2}.Debug|Any CPU.Build.0 = Debug|Any CPU
		{F36D7EE6-A72F-4E2C-BE7D-1D909A24CEB2}.Release|Any CPU.ActiveCfg = Release|Any CPU
		{F36D7EE6-A72F-4E2C-BE7D-1D909A24CEB2}.Release|Any CPU.Build.0 = Release|Any CPU
		{807A551C-A720-4F4A-A702-8CF998898871}.Debug|Any CPU.ActiveCfg = Debug|Any CPU
		{807A551C-A720-4F4A-A702-8CF998898871}.Debug|Any CPU.Build.0 = Debug|Any CPU
		{807A551C-A720-4F4A-A702-8CF998898871}.Release|Any CPU.ActiveCfg = Release|Any CPU
		{807A551C-A720-4F4A-A702-8CF998898871}.Release|Any CPU.Build.0 = Release|Any CPU
		{F448B56E-EAA4-41F3-AB2F-E81E9A658E4C}.Debug|Any CPU.ActiveCfg = Debug|Any CPU
		{F448B56E-EAA4-41F3-AB2F-E81E9A658E4C}.Debug|Any CPU.Build.0 = Debug|Any CPU
		{F448B56E-EAA4-41F3-AB2F-E81E9A658E4C}.Release|Any CPU.ActiveCfg = Release|Any CPU
		{F448B56E-EAA4-41F3-AB2F-E81E9A658E4C}.Release|Any CPU.Build.0 = Release|Any CPU
		{26D68948-9B50-4079-B096-7BF8523D6939}.Debug|Any CPU.ActiveCfg = Debug|Any CPU
		{26D68948-9B50-4079-B096-7BF8523D6939}.Debug|Any CPU.Build.0 = Debug|Any CPU
		{26D68948-9B50-4079-B096-7BF8523D6939}.Release|Any CPU.ActiveCfg = Release|Any CPU
		{26D68948-9B50-4079-B096-7BF8523D6939}.Release|Any CPU.Build.0 = Release|Any CPU
		{7BA1D7A6-02AC-4458-B3A9-16CA9BCC4758}.Debug|Any CPU.ActiveCfg = Debug|Any CPU
		{7BA1D7A6-02AC-4458-B3A9-16CA9BCC4758}.Debug|Any CPU.Build.0 = Debug|Any CPU
		{7BA1D7A6-02AC-4458-B3A9-16CA9BCC4758}.Release|Any CPU.ActiveCfg = Release|Any CPU
		{7BA1D7A6-02AC-4458-B3A9-16CA9BCC4758}.Release|Any CPU.Build.0 = Release|Any CPU
		{54BF50EC-43B0-4487-AB35-BB6CE468D9A2}.Debug|Any CPU.ActiveCfg = Debug|Any CPU
		{54BF50EC-43B0-4487-AB35-BB6CE468D9A2}.Debug|Any CPU.Build.0 = Debug|Any CPU
		{54BF50EC-43B0-4487-AB35-BB6CE468D9A2}.Release|Any CPU.ActiveCfg = Release|Any CPU
		{54BF50EC-43B0-4487-AB35-BB6CE468D9A2}.Release|Any CPU.Build.0 = Release|Any CPU
	EndGlobalSection
	GlobalSection(SolutionProperties) = preSolution
		HideSolutionNode = FALSE
	EndGlobalSection
	GlobalSection(ExtensibilityGlobals) = postSolution
		SolutionGuid = {4404FDE9-B0D6-4576-8D7C-7BCF066BDF27}
	EndGlobalSection
EndGlobal
